
Microsoft Visual Studio Solution File, Format Version 12.00
# Visual Studio Version 17
VisualStudioVersion = 17.5.33502.453
MinimumVisualStudioVersion = 10.0.40219.1
Project("{FAE04EC0-301F-11D3-BF4B-00C04F79EFBC}") = "aplicacion", "aplicacion\aplicacion.csproj", "{D4D168DC-B006-4AAC-9CA3-6E126EB52C61}"
EndProject
Global
	GlobalSection(SolutionConfigurationPlatforms) = preSolution
		Debug|Any CPU = Debug|Any CPU
		Release|Any CPU = Release|Any CPU
	EndGlobalSection
	GlobalSection(ProjectConfigurationPlatforms) = postSolution
		{D4D168DC-B006-4AAC-9CA3-6E126EB52C61}.Debug|Any CPU.ActiveCfg = Debug|Any CPU
		{D4D168DC-B006-4AAC-9CA3-6E126EB52C61}.Debug|Any CPU.Build.0 = Debug|Any CPU
		{D4D168DC-B006-4AAC-9CA3-6E126EB52C61}.Release|Any CPU.ActiveCfg = Release|Any CPU
		{D4D168DC-B006-4AAC-9CA3-6E126EB52C61}.Release|Any CPU.Build.0 = Release|Any CPU
	EndGlobalSection
	GlobalSection(SolutionProperties) = preSolution
		HideSolutionNode = FALSE
	EndGlobalSection
	GlobalSection(ExtensibilityGlobals) = postSolution
		SolutionGuid = {68AB1D88-CB86-43AA-B962-498A130513AD}
	EndGlobalSection
EndGlobal
